{
  "version": 4,
  "terraform_version": "0.12.3",
  "serial": 50,
  "lineage": "3e457278-5b71-5158-e427-591a79335d4f",
  "outputs": {
    "az": {
      "value": [
        "us-west-1b",
        "us-west-1c"
      ],
      "type": [
        "tuple",
        [
          "string",
          "string"
        ]
      ]
    },
    "subnet": {
      "value": [
        "subnet-0428fed29a010d183",
        "subnet-098584073f2f2f78a"
      ],
      "type": [
        "tuple",
        [
          "string",
          "string"
        ]
      ]
    }
  },
  "resources": [
    {
      "module": "module.ec2",
      "mode": "managed",
      "type": "aws_instance",
      "name": "ec2",
      "each": "list",
      "provider": "provider.aws",
      "instances": [
        {
          "index_key": 0,
          "schema_version": 1,
          "attributes": {
            "ami": "ami-056ee704806822732",
            "arn": "arn:aws:ec2:us-west-1:761572862303:instance/i-066631d2eaf671cfe",
            "associate_public_ip_address": false,
            "availability_zone": "us-west-1b",
            "cpu_core_count": 1,
            "cpu_threads_per_core": 1,
            "credit_specification": [
              {
                "cpu_credits": "standard"
              }
            ],
            "disable_api_termination": false,
            "ebs_block_device": [],
            "ebs_optimized": false,
            "ephemeral_block_device": [],
            "get_password_data": false,
            "host_id": null,
            "iam_instance_profile": "",
            "id": "i-066631d2eaf671cfe",
            "instance_initiated_shutdown_behavior": null,
            "instance_state": "running",
            "instance_type": "t2.micro",
            "ipv6_address_count": 0,
            "ipv6_addresses": [],
            "key_name": "",
            "monitoring": false,
            "network_interface": [],
            "network_interface_id": null,
            "password_data": "",
            "placement_group": "",
            "primary_network_interface_id": "eni-0099ed55cd65adf8a",
            "private_dns": "ip-10-0-2-220.us-west-1.compute.internal",
            "private_ip": "10.0.2.220",
            "public_dns": "",
            "public_ip": "",
            "root_block_device": [
              {
                "delete_on_termination": true,
                "iops": 100,
                "volume_id": "vol-0daf25500df8497d1",
                "volume_size": 8,
                "volume_type": "gp2"
              }
            ],
            "security_groups": [],
            "source_dest_check": true,
            "subnet_id": "subnet-0428fed29a010d183",
            "tags": {
              "Name": "disha-0"
            },
            "tenancy": "default",
            "timeouts": null,
            "user_data": null,
            "user_data_base64": null,
            "volume_tags": {},
            "vpc_security_group_ids": [
              "sg-059e4d9756250243b"
            ]
          },
          "private": "eyJlMmJmYjczMC1lY2FhLTExZTYtOGY4OC0zNDM2M2JjN2M0YzAiOnsiY3JlYXRlIjo2MDAwMDAwMDAwMDAsImRlbGV0ZSI6MTIwMDAwMDAwMDAwMCwidXBkYXRlIjo2MDAwMDAwMDAwMDB9LCJzY2hlbWFfdmVyc2lvbiI6IjEifQ=="
        },
        {
          "index_key": 1,
          "schema_version": 1,
          "attributes": {
            "ami": "ami-056ee704806822732",
            "arn": "arn:aws:ec2:us-west-1:761572862303:instance/i-0e5f2bd05007513cc",
            "associate_public_ip_address": false,
            "availability_zone": "us-west-1c",
            "cpu_core_count": 1,
            "cpu_threads_per_core": 1,
            "credit_specification": [
              {
                "cpu_credits": "standard"
              }
            ],
            "disable_api_termination": false,
            "ebs_block_device": [],
            "ebs_optimized": false,
            "ephemeral_block_device": [],
            "get_password_data": false,
            "host_id": null,
            "iam_instance_profile": "",
            "id": "i-0e5f2bd05007513cc",
            "instance_initiated_shutdown_behavior": null,
            "instance_state": "running",
            "instance_type": "t2.micro",
            "ipv6_address_count": 0,
            "ipv6_addresses": [],
            "key_name": "",
            "monitoring": false,
            "network_interface": [],
            "network_interface_id": null,
            "password_data": "",
            "placement_group": "",
            "primary_network_interface_id": "eni-091b629a201f88cf3",
            "private_dns": "ip-10-0-3-9.us-west-1.compute.internal",
            "private_ip": "10.0.3.9",
            "public_dns": "",
            "public_ip": "",
            "root_block_device": [
              {
                "delete_on_termination": true,
                "iops": 100,
                "volume_id": "vol-0d989954532771d7b",
                "volume_size": 8,
                "volume_type": "gp2"
              }
            ],
            "security_groups": [],
            "source_dest_check": true,
            "subnet_id": "subnet-098584073f2f2f78a",
            "tags": {
              "Name": "disha-1"
            },
            "tenancy": "default",
            "timeouts": null,
            "user_data": null,
            "user_data_base64": null,
            "volume_tags": {},
            "vpc_security_group_ids": [
              "sg-059e4d9756250243b"
            ]
          },
          "private": "eyJlMmJmYjczMC1lY2FhLTExZTYtOGY4OC0zNDM2M2JjN2M0YzAiOnsiY3JlYXRlIjo2MDAwMDAwMDAwMDAsImRlbGV0ZSI6MTIwMDAwMDAwMDAwMCwidXBkYXRlIjo2MDAwMDAwMDAwMDB9LCJzY2hlbWFfdmVyc2lvbiI6IjEifQ=="
        },
        {
          "index_key": 2,
          "schema_version": 1,
          "attributes": {
            "ami": "ami-056ee704806822732",
            "arn": "arn:aws:ec2:us-west-1:761572862303:instance/i-0ba079b167938e0e1",
            "associate_public_ip_address": false,
            "availability_zone": "us-west-1b",
            "cpu_core_count": 1,
            "cpu_threads_per_core": 1,
            "credit_specification": [
              {
                "cpu_credits": "standard"
              }
            ],
            "disable_api_termination": false,
            "ebs_block_device": [],
            "ebs_optimized": false,
            "ephemeral_block_device": [],
            "get_password_data": false,
            "host_id": null,
            "iam_instance_profile": "",
            "id": "i-0ba079b167938e0e1",
            "instance_initiated_shutdown_behavior": null,
            "instance_state": "running",
            "instance_type": "t2.micro",
            "ipv6_address_count": 0,
            "ipv6_addresses": [],
            "key_name": "",
            "monitoring": false,
            "network_interface": [],
            "network_interface_id": null,
            "password_data": "",
            "placement_group": "",
            "primary_network_interface_id": "eni-0ef076716d3c2ffad",
            "private_dns": "ip-10-0-2-143.us-west-1.compute.internal",
            "private_ip": "10.0.2.143",
            "public_dns": "",
            "public_ip": "",
            "root_block_device": [
              {
                "delete_on_termination": true,
                "iops": 100,
                "volume_id": "vol-0c570fb03af869c8d",
                "volume_size": 8,
                "volume_type": "gp2"
              }
            ],
            "security_groups": [],
            "source_dest_check": true,
            "subnet_id": "subnet-0428fed29a010d183",
            "tags": {
              "Name": "disha-2"
            },
            "tenancy": "default",
            "timeouts": null,
            "user_data": null,
            "user_data_base64": null,
            "volume_tags": {},
            "vpc_security_group_ids": [
              "sg-059e4d9756250243b"
            ]
          },
          "private": "eyJlMmJmYjczMC1lY2FhLTExZTYtOGY4OC0zNDM2M2JjN2M0YzAiOnsiY3JlYXRlIjo2MDAwMDAwMDAwMDAsImRlbGV0ZSI6MTIwMDAwMDAwMDAwMCwidXBkYXRlIjo2MDAwMDAwMDAwMDB9LCJzY2hlbWFfdmVyc2lvbiI6IjEifQ=="
        },
        {
          "index_key": 3,
          "schema_version": 1,
          "attributes": {
            "ami": "ami-056ee704806822732",
            "arn": "arn:aws:ec2:us-west-1:761572862303:instance/i-0dee968f330ef46cf",
            "associate_public_ip_address": false,
            "availability_zone": "us-west-1c",
            "cpu_core_count": 1,
            "cpu_threads_per_core": 1,
            "credit_specification": [
              {
                "cpu_credits": "standard"
              }
            ],
            "disable_api_termination": false,
            "ebs_block_device": [],
            "ebs_optimized": false,
            "ephemeral_block_device": [],
            "get_password_data": false,
            "host_id": null,
            "iam_instance_profile": "",
            "id": "i-0dee968f330ef46cf",
            "instance_initiated_shutdown_behavior": null,
            "instance_state": "running",
            "instance_type": "t2.micro",
            "ipv6_address_count": 0,
            "ipv6_addresses": [],
            "key_name": "",
            "monitoring": false,
            "network_interface": [],
            "network_interface_id": null,
            "password_data": "",
            "placement_group": "",
            "primary_network_interface_id": "eni-0d9e7f16448aa326e",
            "private_dns": "ip-10-0-3-139.us-west-1.compute.internal",
            "private_ip": "10.0.3.139",
            "public_dns": "",
            "public_ip": "",
            "root_block_device": [
              {
                "delete_on_termination": true,
                "iops": 100,
                "volume_id": "vol-089495f1715ba916c",
                "volume_size": 8,
                "volume_type": "gp2"
              }
            ],
            "security_groups": [],
            "source_dest_check": true,
            "subnet_id": "subnet-098584073f2f2f78a",
            "tags": {
              "Name": "disha-3"
            },
            "tenancy": "default",
            "timeouts": null,
            "user_data": null,
            "user_data_base64": null,
            "volume_tags": {},
            "vpc_security_group_ids": [
              "sg-059e4d9756250243b"
            ]
          },
          "private": "eyJlMmJmYjczMC1lY2FhLTExZTYtOGY4OC0zNDM2M2JjN2M0YzAiOnsiY3JlYXRlIjo2MDAwMDAwMDAwMDAsImRlbGV0ZSI6MTIwMDAwMDAwMDAwMCwidXBkYXRlIjo2MDAwMDAwMDAwMDB9LCJzY2hlbWFfdmVyc2lvbiI6IjEifQ=="
        },
        {
          "index_key": 4,
          "schema_version": 1,
          "attributes": {
            "ami": "ami-056ee704806822732",
            "arn": "arn:aws:ec2:us-west-1:761572862303:instance/i-0ed34c9fc97ecf90c",
            "associate_public_ip_address": false,
            "availability_zone": "us-west-1b",
            "cpu_core_count": 1,
            "cpu_threads_per_core": 1,
            "credit_specification": [
              {
                "cpu_credits": "standard"
              }
            ],
            "disable_api_termination": false,
            "ebs_block_device": [],
            "ebs_optimized": false,
            "ephemeral_block_device": [],
            "get_password_data": false,
            "host_id": null,
            "iam_instance_profile": "",
            "id": "i-0ed34c9fc97ecf90c",
            "instance_initiated_shutdown_behavior": null,
            "instance_state": "running",
            "instance_type": "t2.micro",
            "ipv6_address_count": 0,
            "ipv6_addresses": [],
            "key_name": "",
            "monitoring": false,
            "network_interface": [],
            "network_interface_id": null,
            "password_data": "",
            "placement_group": "",
            "primary_network_interface_id": "eni-0b68d941b763a7131",
            "private_dns": "ip-10-0-2-69.us-west-1.compute.internal",
            "private_ip": "10.0.2.69",
            "public_dns": "",
            "public_ip": "",
            "root_block_device": [
              {
                "delete_on_termination": true,
                "iops": 100,
                "volume_id": "vol-01d6850d2904ecc32",
                "volume_size": 8,
                "volume_type": "gp2"
              }
            ],
            "security_groups": [],
            "source_dest_check": true,
            "subnet_id": "subnet-0428fed29a010d183",
            "tags": {
              "Name": "disha-4"
            },
            "tenancy": "default",
            "timeouts": null,
            "user_data": null,
            "user_data_base64": null,
            "volume_tags": {},
            "vpc_security_group_ids": [
              "sg-059e4d9756250243b"
            ]
          },
          "private": "eyJlMmJmYjczMC1lY2FhLTExZTYtOGY4OC0zNDM2M2JjN2M0YzAiOnsiY3JlYXRlIjo2MDAwMDAwMDAwMDAsImRlbGV0ZSI6MTIwMDAwMDAwMDAwMCwidXBkYXRlIjo2MDAwMDAwMDAwMDB9LCJzY2hlbWFfdmVyc2lvbiI6IjEifQ=="
        },
        {
          "index_key": 5,
          "schema_version": 1,
          "attributes": {
            "ami": "ami-056ee704806822732",
            "arn": "arn:aws:ec2:us-west-1:761572862303:instance/i-01f83a0ea419648eb",
            "associate_public_ip_address": false,
            "availability_zone": "us-west-1c",
            "cpu_core_count": 1,
            "cpu_threads_per_core": 1,
            "credit_specification": [
              {
                "cpu_credits": "standard"
              }
            ],
            "disable_api_termination": false,
            "ebs_block_device": [],
            "ebs_optimized": false,
            "ephemeral_block_device": [],
            "get_password_data": false,
            "host_id": null,
            "iam_instance_profile": "",
            "id": "i-01f83a0ea419648eb",
            "instance_initiated_shutdown_behavior": null,
            "instance_state": "running",
            "instance_type": "t2.micro",
            "ipv6_address_count": 0,
            "ipv6_addresses": [],
            "key_name": "",
            "monitoring": false,
            "network_interface": [],
            "network_interface_id": null,
            "password_data": "",
            "placement_group": "",
            "primary_network_interface_id": "eni-0d7fb30606664d964",
            "private_dns": "ip-10-0-3-90.us-west-1.compute.internal",
            "private_ip": "10.0.3.90",
            "public_dns": "",
            "public_ip": "",
            "root_block_device": [
              {
                "delete_on_termination": true,
                "iops": 100,
                "volume_id": "vol-0f307932c614a22d8",
                "volume_size": 8,
                "volume_type": "gp2"
              }
            ],
            "security_groups": [],
            "source_dest_check": true,
            "subnet_id": "subnet-098584073f2f2f78a",
            "tags": {
              "Name": "disha-5"
            },
            "tenancy": "default",
            "timeouts": null,
            "user_data": null,
            "user_data_base64": null,
            "volume_tags": {},
            "vpc_security_group_ids": [
              "sg-059e4d9756250243b"
            ]
          },
          "private": "eyJlMmJmYjczMC1lY2FhLTExZTYtOGY4OC0zNDM2M2JjN2M0YzAiOnsiY3JlYXRlIjo2MDAwMDAwMDAwMDAsImRlbGV0ZSI6MTIwMDAwMDAwMDAwMCwidXBkYXRlIjo2MDAwMDAwMDAwMDB9LCJzY2hlbWFfdmVyc2lvbiI6IjEifQ=="
        }
      ]
    },
    {
      "module": "module.ec2",
      "mode": "managed",
      "type": "aws_network_interface",
      "name": "net",
      "each": "list",
      "provider": "provider.aws",
      "instances": [
        {
          "index_key": 0,
          "schema_version": 0,
          "attributes": {
            "attachment": [
              {
                "attachment_id": "eni-attach-0db6402e989f00681",
                "device_index": 1,
                "instance": "i-066631d2eaf671cfe"
              }
            ],
            "description": "",
            "id": "eni-0e9b1527596f46fa1",
            "private_dns_name": "ip-10-0-2-121.us-west-1.compute.internal",
            "private_ip": "10.0.2.121",
            "private_ips": [
              "10.0.2.121"
            ],
            "private_ips_count": 0,
            "security_groups": [
              "sg-059e4d9756250243b"
            ],
            "source_dest_check": true,
            "subnet_id": "subnet-0428fed29a010d183",
            "tags": {}
          },
          "private": "bnVsbA=="
        },
        {
          "index_key": 1,
          "schema_version": 0,
          "attributes": {
            "attachment": [
              {
                "attachment_id": "eni-attach-037849308e77b1c11",
                "device_index": 1,
                "instance": "i-0e5f2bd05007513cc"
              }
            ],
            "description": "",
            "id": "eni-06645bf776f65105a",
            "private_dns_name": "ip-10-0-3-94.us-west-1.compute.internal",
            "private_ip": "10.0.3.94",
            "private_ips": [
              "10.0.3.94"
            ],
            "private_ips_count": 0,
            "security_groups": [
              "sg-059e4d9756250243b"
            ],
            "source_dest_check": true,
            "subnet_id": "subnet-098584073f2f2f78a",
            "tags": {}
          },
          "private": "bnVsbA=="
        },
        {
          "index_key": 2,
          "schema_version": 0,
          "attributes": {
            "attachment": [
              {
                "attachment_id": "eni-attach-0484445143e713085",
                "device_index": 1,
                "instance": "i-0ba079b167938e0e1"
              }
            ],
            "description": "",
            "id": "eni-0907f4dc4976eaa33",
            "private_dns_name": "ip-10-0-2-67.us-west-1.compute.internal",
            "private_ip": "10.0.2.67",
            "private_ips": [
              "10.0.2.67"
            ],
            "private_ips_count": 0,
            "security_groups": [
              "sg-059e4d9756250243b"
            ],
            "source_dest_check": true,
            "subnet_id": "subnet-0428fed29a010d183",
            "tags": {}
          },
          "private": "bnVsbA=="
        },
        {
          "index_key": 3,
          "schema_version": 0,
          "attributes": {
            "attachment": [
              {
                "attachment_id": "eni-attach-0080d94cb654c762d",
                "device_index": 1,
                "instance": "i-0dee968f330ef46cf"
              }
            ],
            "description": "",
            "id": "eni-0ac5c1a8b9dee78a4",
            "private_dns_name": "ip-10-0-3-204.us-west-1.compute.internal",
            "private_ip": "10.0.3.204",
            "private_ips": [
              "10.0.3.204"
            ],
            "private_ips_count": 0,
            "security_groups": [
              "sg-059e4d9756250243b"
            ],
            "source_dest_check": true,
            "subnet_id": "subnet-098584073f2f2f78a",
            "tags": {}
          },
          "private": "bnVsbA=="
        },
        {
          "index_key": 4,
          "schema_version": 0,
          "attributes": {
            "attachment": [],
            "description": "",
            "id": "eni-0c9cd736370837d07",
            "private_dns_name": "ip-10-0-2-86.us-west-1.compute.internal",
            "private_ip": "10.0.2.86",
            "private_ips": [
              "10.0.2.86"
            ],
            "private_ips_count": 0,
            "security_groups": [
              "sg-059e4d9756250243b"
            ],
            "source_dest_check": true,
            "subnet_id": "subnet-0428fed29a010d183",
            "tags": null
          },
          "private": "bnVsbA=="
        },
        {
          "index_key": 5,
          "schema_version": 0,
          "attributes": {
            "attachment": [],
            "description": "",
            "id": "eni-0bd7a7cfd4b824727",
            "private_dns_name": "ip-10-0-3-4.us-west-1.compute.internal",
            "private_ip": "10.0.3.4",
            "private_ips": [
              "10.0.3.4"
            ],
            "private_ips_count": 0,
            "security_groups": [
              "sg-059e4d9756250243b"
            ],
            "source_dest_check": true,
            "subnet_id": "subnet-098584073f2f2f78a",
            "tags": null
          },
          "private": "bnVsbA=="
        }
      ]
    },
    {
      "module": "module.ec2",
      "mode": "managed",
      "type": "aws_network_interface_attachment",
      "name": "netattach",
      "each": "list",
      "provider": "provider.aws",
      "instances": [
        {
          "index_key": 0,
          "schema_version": 0,
          "attributes": {
            "attachment_id": "eni-attach-0db6402e989f00681",
            "device_index": 1,
            "id": "eni-attach-0db6402e989f00681",
            "instance_id": "i-066631d2eaf671cfe",
            "network_interface_id": "eni-0e9b1527596f46fa1",
            "status": "attached"
          },
          "private": "bnVsbA==",
          "depends_on": [
            "aws_instance.ec2",
            "aws_network_interface.net"
          ]
        },
        {
          "index_key": 1,
          "schema_version": 0,
          "attributes": {
            "attachment_id": "eni-attach-037849308e77b1c11",
            "device_index": 1,
            "id": "eni-attach-037849308e77b1c11",
            "instance_id": "i-0e5f2bd05007513cc",
            "network_interface_id": "eni-06645bf776f65105a",
            "status": "attached"
          },
          "private": "bnVsbA==",
          "depends_on": [
            "aws_instance.ec2",
            "aws_network_interface.net"
          ]
        },
        {
          "index_key": 2,
          "schema_version": 0,
          "attributes": {
            "attachment_id": "eni-attach-0484445143e713085",
            "device_index": 1,
            "id": "eni-attach-0484445143e713085",
            "instance_id": "i-0ba079b167938e0e1",
            "network_interface_id": "eni-0907f4dc4976eaa33",
            "status": "attached"
          },
          "private": "bnVsbA==",
          "depends_on": [
            "aws_instance.ec2",
            "aws_network_interface.net"
          ]
        },
        {
          "index_key": 3,
          "schema_version": 0,
          "attributes": {
            "attachment_id": "eni-attach-0080d94cb654c762d",
            "device_index": 1,
            "id": "eni-attach-0080d94cb654c762d",
            "instance_id": "i-0dee968f330ef46cf",
            "network_interface_id": "eni-0ac5c1a8b9dee78a4",
            "status": "attached"
          },
          "private": "bnVsbA==",
          "depends_on": [
            "aws_instance.ec2",
            "aws_network_interface.net"
          ]
        },
        {
          "index_key": 4,
          "schema_version": 0,
          "attributes": {
            "attachment_id": "eni-attach-080ab854fe4beff7a",
            "device_index": 1,
            "id": "eni-attach-080ab854fe4beff7a",
            "instance_id": "i-0ed34c9fc97ecf90c",
            "network_interface_id": "eni-0c9cd736370837d07",
            "status": "attached"
          },
          "private": "bnVsbA==",
          "depends_on": [
            "aws_instance.ec2",
            "aws_network_interface.net"
          ]
        },
        {
          "index_key": 5,
          "schema_version": 0,
          "attributes": {
            "attachment_id": "eni-attach-09404554a7f4f8cdb",
            "device_index": 1,
            "id": "eni-attach-09404554a7f4f8cdb",
            "instance_id": "i-01f83a0ea419648eb",
            "network_interface_id": "eni-0bd7a7cfd4b824727",
            "status": "attaching"
          },
          "private": "bnVsbA==",
          "depends_on": [
            "aws_instance.ec2",
            "aws_network_interface.net"
          ]
        }
      ]
    },
    {
      "module": "module.vpc",
      "mode": "managed",
      "type": "aws_subnet",
      "name": "private-subnet",
      "each": "list",
      "provider": "provider.aws",
      "instances": [
        {
          "index_key": 0,
          "schema_version": 1,
          "attributes": {
            "arn": "arn:aws:ec2:us-west-1:761572862303:subnet/subnet-0428fed29a010d183",
            "assign_ipv6_address_on_creation": false,
            "availability_zone": "us-west-1b",
            "availability_zone_id": "usw1-az3",
            "cidr_block": "10.0.2.0/24",
            "id": "subnet-0428fed29a010d183",
            "ipv6_cidr_block": "",
            "ipv6_cidr_block_association_id": "",
            "map_public_ip_on_launch": false,
            "owner_id": "761572862303",
            "tags": {},
            "timeouts": null,
            "vpc_id": "vpc-0c9049f051519b8ea"
          },
          "private": "eyJlMmJmYjczMC1lY2FhLTExZTYtOGY4OC0zNDM2M2JjN2M0YzAiOnsiY3JlYXRlIjo2MDAwMDAwMDAwMDAsImRlbGV0ZSI6MTIwMDAwMDAwMDAwMH0sInNjaGVtYV92ZXJzaW9uIjoiMSJ9",
          "depends_on": [
            "aws_vpc.vpc1"
          ]
        },
        {
          "index_key": 1,
          "schema_version": 1,
          "attributes": {
            "arn": "arn:aws:ec2:us-west-1:761572862303:subnet/subnet-098584073f2f2f78a",
            "assign_ipv6_address_on_creation": false,
            "availability_zone": "us-west-1c",
            "availability_zone_id": "usw1-az1",
            "cidr_block": "10.0.3.0/24",
            "id": "subnet-098584073f2f2f78a",
            "ipv6_cidr_block": "",
            "ipv6_cidr_block_association_id": "",
            "map_public_ip_on_launch": false,
            "owner_id": "761572862303",
            "tags": {},
            "timeouts": null,
            "vpc_id": "vpc-0c9049f051519b8ea"
          },
          "private": "eyJlMmJmYjczMC1lY2FhLTExZTYtOGY4OC0zNDM2M2JjN2M0YzAiOnsiY3JlYXRlIjo2MDAwMDAwMDAwMDAsImRlbGV0ZSI6MTIwMDAwMDAwMDAwMH0sInNjaGVtYV92ZXJzaW9uIjoiMSJ9",
          "depends_on": [
            "aws_vpc.vpc1"
          ]
        }
      ]
    },
    {
      "module": "module.vpc",
      "mode": "managed",
      "type": "aws_vpc",
      "name": "vpc1",
      "provider": "provider.aws",
      "instances": [
        {
          "schema_version": 1,
          "attributes": {
            "arn": "arn:aws:ec2:us-west-1:761572862303:vpc/vpc-0c9049f051519b8ea",
            "assign_generated_ipv6_cidr_block": false,
            "cidr_block": "10.0.0.0/16",
            "default_network_acl_id": "acl-0302268179bc747f5",
            "default_route_table_id": "rtb-0f0bc644d2422454c",
            "default_security_group_id": "sg-059e4d9756250243b",
            "dhcp_options_id": "dopt-c9db3eac",
            "enable_classiclink": false,
            "enable_classiclink_dns_support": false,
            "enable_dns_hostnames": true,
            "enable_dns_support": true,
            "id": "vpc-0c9049f051519b8ea",
            "instance_tenancy": "default",
            "ipv6_association_id": "",
            "ipv6_cidr_block": "",
            "main_route_table_id": "rtb-0f0bc644d2422454c",
            "owner_id": "761572862303",
            "tags": {}
          },
          "private": "eyJzY2hlbWFfdmVyc2lvbiI6IjEifQ=="
        }
      ]
    }
  ]
}
